
Microsoft Visual Studio Solution File, Format Version 12.00
# Visual Studio Version 17
VisualStudioVersion = 17.2.32526.322
MinimumVisualStudioVersion = 10.0.40219.1
Project("{FAE04EC0-301F-11D3-BF4B-00C04F79EFBC}") = "Project Mark", "Project Mark\Project Mark.csproj", "{F972C9FF-8D32-4FFD-819A-FE9DC352CA0C}"
EndProject
Global
	GlobalSection(SolutionConfigurationPlatforms) = preSolution
		Debug|Any CPU = Debug|Any CPU
		Release|Any CPU = Release|Any CPU
	EndGlobalSection
	GlobalSection(ProjectConfigurationPlatforms) = postSolution
		{F972C9FF-8D32-4FFD-819A-FE9DC352CA0C}.Debug|Any CPU.ActiveCfg = Debug|Any CPU
		{F972C9FF-8D32-4FFD-819A-FE9DC352CA0C}.Debug|Any CPU.Build.0 = Debug|Any CPU
		{F972C9FF-8D32-4FFD-819A-FE9DC352CA0C}.Release|Any CPU.ActiveCfg = Release|Any CPU
		{F972C9FF-8D32-4FFD-819A-FE9DC352CA0C}.Release|Any CPU.Build.0 = Release|Any CPU
	EndGlobalSection
	GlobalSection(SolutionProperties) = preSolution
		HideSolutionNode = FALSE
	EndGlobalSection
	GlobalSection(ExtensibilityGlobals) = postSolution
		SolutionGuid = {F66D19F8-BD9B-41AF-8181-6CF7EA8F67BA}
	EndGlobalSection
EndGlobal
